<?xml version="1.0" encoding="utf-8"?>
<Project ToolsVersion="4.0" xmlns="http://schemas.microsoft.com/developer/msbuild/2003">
  <ItemGroup>
    <Filter Include="源文件">
      <UniqueIdentifier>{2cddf158-0908-4f9c-bf8b-894efdead807}</UniqueIdentifier>
      <Extensions>cpp;c;cc;cxx;def;odl;idl;hpj;bat;asm;asmx</Extensions>
    </Filter>
    <Filter Include="头文件">
      <UniqueIdentifier>{c658d241-252b-44eb-9e2b-1614e87dc8ad}</UniqueIdentifier>
      <Extensions>h;hpp;hxx;hm;inl;inc;xsd</Extensions>
    </Filter>
    <Filter Include="资源文件">
      <UniqueIdentifier>{c0c3e169-5fc1-4f10-9c4d-86f9472cb317}</UniqueIdentifier>
      <Extensions>rc;ico;cur;bmp;dlg;rc2;rct;bin;rgs;gif;jpg;jpeg;jpe;resx;tiff;tif;png;wav;mfcribbon-ms</Extensions>
    </Filter>
  </ItemGroup>
  <ItemGroup>
    <None Include="readme.txt" />
    <None Include="sample.txt" />
    <None Include="AF.def">
      <Filter>源文件</Filter>
    </None>
    <None Include="res\AF.rc2">
      <Filter>资源文件</Filter>
    </None>
  </ItemGroup>
  <ItemGroup>
    <ClInclude Include="AF_TestItem.h">
      <Filter>头文件</Filter>
    </ClInclude>
    <ClInclude Include="OptionDlg.h">
      <Filter>头文件</Filter>
    </ClInclude>
    <ClInclude Include="resource.h">
      <Filter>头文件</Filter>
    </ClInclude>
    <ClInclude Include="stdafx.h">
      <Filter>头文件</Filter>
    </ClInclude>
    <ClInclude Include="targetver.h">
      <Filter>头文件</Filter>
    </ClInclude>
    <ClInclude Include="AF.h">
      <Filter>头文件</Filter>
    </ClInclude>
    <ClInclude Include="ofSFR.h">
      <Filter>头文件</Filter>
    </ClInclude>
    <ClInclude Include="DlgSfr.h">
      <Filter>头文件</Filter>
    </ClInclude>
    <ClInclude Include="DlgMtf.h">
      <Filter>头文件</Filter>
    </ClInclude>
    <ClInclude Include="DlgMotoCharSfr.h">
      <Filter>头文件</Filter>
    </ClInclude>
    <ClInclude Include="DlgContrast.h">
      <Filter>头文件</Filter>
    </ClInclude>
    <ClInclude Include="DlgSquareChartSfr.h">
      <Filter>头文件</Filter>
    </ClInclude>
    <ClInclude Include="SFRMatLib.h">
      <Filter>头文件</Filter>
    </ClInclude>
  </ItemGroup>
  <ItemGroup>
    <ClCompile Include="AF_TestItem.cpp">
      <Filter>源文件</Filter>
    </ClCompile>
    <ClCompile Include="OptionDlg.cpp">
      <Filter>源文件</Filter>
    </ClCompile>
    <ClCompile Include="stdafx.cpp">
      <Filter>源文件</Filter>
    </ClCompile>
    <ClCompile Include="AF.cpp">
      <Filter>源文件</Filter>
    </ClCompile>
    <ClCompile Include="DlgSfr.cpp">
      <Filter>源文件</Filter>
    </ClCompile>
    <ClCompile Include="DlgMtf.cpp">
      <Filter>源文件</Filter>
    </ClCompile>
    <ClCompile Include="DlgMotoCharSfr.cpp">
      <Filter>源文件</Filter>
    </ClCompile>
    <ClCompile Include="DlgContrast.cpp">
      <Filter>源文件</Filter>
    </ClCompile>
    <ClCompile Include="DlgSquareChartSfr.cpp">
      <Filter>源文件</Filter>
    </ClCompile>
  </ItemGroup>
  <ItemGroup>
    <ResourceCompile Include="AF.rc">
      <Filter>资源文件</Filter>
    </ResourceCompile>
  </ItemGroup>
</Project>