
Microsoft Visual Studio Solution File, Format Version 11.00
# Visual Studio 2010
Project("{8BC9CEB8-8B4A-11D0-8D11-00A0C91BC942}") = "Machine_SPV3", "..\..\..\MyMachine\Machine_SPV3_NetSock\Machine_SPV3\Machine_SPV3.vcxproj", "{5620FE95-E7C1-4717-9679-A9C034F0173F}"
EndProject
Project("{8BC9CEB8-8B4A-11D0-8D11-00A0C91BC942}") = "ImgSensorLib", "..\..\ImgSensorLib\ImgSensorLib\ImgSensorLib.vcxproj", "{42AE9DC6-A1DE-496A-9612-31EBF80693EF}"
EndProject
Project("{8BC9CEB8-8B4A-11D0-8D11-00A0C91BC942}") = "MesCheck", "..\..\..\MyProject\MesCheck\MesCheck\MesCheck.vcxproj", "{21C0F369-FEB9-469B-9696-AB90FA8372B3}"
EndProject
Project("{8BC9CEB8-8B4A-11D0-8D11-00A0C91BC942}") = "MesUpdate", "..\..\..\MyProject\MesUpdate\MesUpdate\MesUpdate.vcxproj", "{CD7ECA5D-618F-48DB-B23A-A71D75DA9CF6}"
EndProject
Project("{8BC9CEB8-8B4A-11D0-8D11-00A0C91BC942}") = "DeviceInterface", "..\..\DeviceInterface\DeviceInterface\DeviceInterface.vcxproj", "{E8C44D97-B415-41D4-8764-BC366985AD71}"
EndProject
Project("{8BC9CEB8-8B4A-11D0-8D11-00A0C91BC942}") = "InitiaSensor", "..\..\..\MyProject\InitiaSensor\InitiaSensor\InitiaSensor.vcxproj", "{03154F81-27D6-4BA2-8EEB-A3C830766D70}"
EndProject
Project("{8BC9CEB8-8B4A-11D0-8D11-00A0C91BC942}") = "ImageProc", "..\..\ImageProc\ImageProc\ImageProc.vcxproj", "{22220CF3-1E45-4822-AE12-9D058F5537CF}"
EndProject
Project("{8BC9CEB8-8B4A-11D0-8D11-00A0C91BC942}") = "QualcommGainmap_L4", "..\..\..\MyProject\QualcommGainmap_L4\QualcommGainmap_L4\QualcommGainmap_L4.vcxproj", "{888D943B-21B0-4804-8522-6A491EAE749A}"
EndProject
Project("{8BC9CEB8-8B4A-11D0-8D11-00A0C91BC942}") = "RX_OTPCheck", "..\..\..\MyProject\OtpCheckdll\RX_OTPCheck.vcxproj", "{754DC091-2EB3-4149-A6F1-7A198F2B6E8C}"
EndProject
Project("{8BC9CEB8-8B4A-11D0-8D11-00A0C91BC942}") = "MTKStep1", "..\..\..\MyProject\MTKStep1\MTKStep1\MTKStep1.vcxproj", "{9EBFF612-8B97-462C-BE6E-6935C8FB0187}"
EndProject
Project("{8BC9CEB8-8B4A-11D0-8D11-00A0C91BC942}") = "AF", "..\..\..\MyProject\AF_Plus_Normal\AF\AF.vcxproj", "{92DCDD2B-F0D2-405F-8B1A-B65FCC8A50F8}"
EndProject
Project("{8BC9CEB8-8B4A-11D0-8D11-00A0C91BC942}") = "VcmDriverInterface", "..\..\VcmDriverInterface\VcmDriverInterface\VcmDriverInterface.vcxproj", "{53D1153E-9C96-4240-8EB8-9A6FC20E2AD5}"
EndProject
Project("{8BC9CEB8-8B4A-11D0-8D11-00A0C91BC942}") = "WBCheck", "..\..\..\MyProject\WBCheck\WBCheck\WBCheck.vcxproj", "{A9C78592-E5F0-404A-8E7E-8FBD757BE573}"
EndProject
Project("{8BC9CEB8-8B4A-11D0-8D11-00A0C91BC942}") = "AE", "..\..\..\MyProject\AE\AE\AE.vcxproj", "{7F7F1767-2368-471C-8F2C-F4FE78547308}"
EndProject
Project("{8BC9CEB8-8B4A-11D0-8D11-00A0C91BC942}") = "Pre_Process", "..\..\..\MyProject\Pre_Process\Pre_Process\Pre_Process.vcxproj", "{4C366A87-AF16-478A-919D-EA63548306EE}"
EndProject
Project("{8BC9CEB8-8B4A-11D0-8D11-00A0C91BC942}") = "GetDNPIndex", "..\..\..\MyProject\GetDNPIndex\GetDNPIndex\GetDNPIndex.vcxproj", "{8CEB3ED9-49FB-4DB9-8626-757065BB787F}"
EndProject
Project("{8BC9CEB8-8B4A-11D0-8D11-00A0C91BC942}") = "PDAF_OTPBurn", "..\..\..\MyProject\PDAF_OTPBurn\OTPBurn\OTPBurn.vcxproj", "{D933558F-9317-4E31-B612-E9E583BE130F}"
EndProject
Project("{8BC9CEB8-8B4A-11D0-8D11-00A0C91BC942}") = "LscApplication", "..\..\..\MyProject\LscApplication\LscApplication\LscApplication.vcxproj", "{89276E2C-140B-44C6-887E-D70CE9EC5245}"
EndProject
Project("{8BC9CEB8-8B4A-11D0-8D11-00A0C91BC942}") = "ApplyWB", "..\..\..\MyProject\ApplyWB\ApplyWB\ApplyWB.vcxproj", "{BADB3F72-8AD8-4C24-8947-A2FD334D090E}"
EndProject
Project("{8BC9CEB8-8B4A-11D0-8D11-00A0C91BC942}") = "AutoFocus", "..\..\..\MyProject\AutoFocus\AutoFocus\AutoFocus.vcxproj", "{1EB52773-DF18-43D6-BA7B-AE3B24F8876B}"
EndProject
Project("{8BC9CEB8-8B4A-11D0-8D11-00A0C91BC942}") = "OFccmTest", "OFccmTest.vcxproj", "{74CC0697-473B-44B4-9E72-1AEA39B48DDD}"
EndProject
Project("{8BC9CEB8-8B4A-11D0-8D11-00A0C91BC942}") = "AF_MoveToPos", "..\..\..\MyProject\AF_MoveToPos\AF_MoveToPos\AF_MoveToPos.vcxproj", "{21C02168-8C99-4D2A-A3BA-33B228EE420D}"
EndProject
Global
	GlobalSection(SolutionConfigurationPlatforms) = preSolution
		Debug|Win32 = Debug|Win32
		Release|Win32 = Release|Win32
	EndGlobalSection
	GlobalSection(ProjectConfigurationPlatforms) = postSolution
		{5620FE95-E7C1-4717-9679-A9C034F0173F}.Debug|Win32.ActiveCfg = Debug|Win32
		{5620FE95-E7C1-4717-9679-A9C034F0173F}.Debug|Win32.Build.0 = Debug|Win32
		{5620FE95-E7C1-4717-9679-A9C034F0173F}.Release|Win32.ActiveCfg = Release|Win32
		{5620FE95-E7C1-4717-9679-A9C034F0173F}.Release|Win32.Build.0 = Release|Win32
		{42AE9DC6-A1DE-496A-9612-31EBF80693EF}.Debug|Win32.ActiveCfg = Debug|Win32
		{42AE9DC6-A1DE-496A-9612-31EBF80693EF}.Debug|Win32.Build.0 = Debug|Win32
		{42AE9DC6-A1DE-496A-9612-31EBF80693EF}.Release|Win32.ActiveCfg = Release|Win32
		{42AE9DC6-A1DE-496A-9612-31EBF80693EF}.Release|Win32.Build.0 = Release|Win32
		{21C0F369-FEB9-469B-9696-AB90FA8372B3}.Debug|Win32.ActiveCfg = Debug|Win32
		{21C0F369-FEB9-469B-9696-AB90FA8372B3}.Debug|Win32.Build.0 = Debug|Win32
		{21C0F369-FEB9-469B-9696-AB90FA8372B3}.Release|Win32.ActiveCfg = Release|Win32
		{21C0F369-FEB9-469B-9696-AB90FA8372B3}.Release|Win32.Build.0 = Release|Win32
		{CD7ECA5D-618F-48DB-B23A-A71D75DA9CF6}.Debug|Win32.ActiveCfg = Debug|Win32
		{CD7ECA5D-618F-48DB-B23A-A71D75DA9CF6}.Debug|Win32.Build.0 = Debug|Win32
		{CD7ECA5D-618F-48DB-B23A-A71D75DA9CF6}.Release|Win32.ActiveCfg = Release|Win32
		{CD7ECA5D-618F-48DB-B23A-A71D75DA9CF6}.Release|Win32.Build.0 = Release|Win32
		{E8C44D97-B415-41D4-8764-BC366985AD71}.Debug|Win32.ActiveCfg = Debug|Win32
		{E8C44D97-B415-41D4-8764-BC366985AD71}.Debug|Win32.Build.0 = Debug|Win32
		{E8C44D97-B415-41D4-8764-BC366985AD71}.Release|Win32.ActiveCfg = Release|Win32
		{E8C44D97-B415-41D4-8764-BC366985AD71}.Release|Win32.Build.0 = Release|Win32
		{03154F81-27D6-4BA2-8EEB-A3C830766D70}.Debug|Win32.ActiveCfg = Debug|Win32
		{03154F81-27D6-4BA2-8EEB-A3C830766D70}.Debug|Win32.Build.0 = Debug|Win32
		{03154F81-27D6-4BA2-8EEB-A3C830766D70}.Release|Win32.ActiveCfg = Release|Win32
		{03154F81-27D6-4BA2-8EEB-A3C830766D70}.Release|Win32.Build.0 = Release|Win32
		{22220CF3-1E45-4822-AE12-9D058F5537CF}.Debug|Win32.ActiveCfg = Debug|Win32
		{22220CF3-1E45-4822-AE12-9D058F5537CF}.Debug|Win32.Build.0 = Debug|Win32
		{22220CF3-1E45-4822-AE12-9D058F5537CF}.Release|Win32.ActiveCfg = Release|Win32
		{22220CF3-1E45-4822-AE12-9D058F5537CF}.Release|Win32.Build.0 = Release|Win32
		{888D943B-21B0-4804-8522-6A491EAE749A}.Debug|Win32.ActiveCfg = Debug|Win32
		{888D943B-21B0-4804-8522-6A491EAE749A}.Debug|Win32.Build.0 = Debug|Win32
		{888D943B-21B0-4804-8522-6A491EAE749A}.Release|Win32.ActiveCfg = Release|Win32
		{888D943B-21B0-4804-8522-6A491EAE749A}.Release|Win32.Build.0 = Release|Win32
		{754DC091-2EB3-4149-A6F1-7A198F2B6E8C}.Debug|Win32.ActiveCfg = Debug|Win32
		{754DC091-2EB3-4149-A6F1-7A198F2B6E8C}.Debug|Win32.Build.0 = Debug|Win32
		{754DC091-2EB3-4149-A6F1-7A198F2B6E8C}.Release|Win32.ActiveCfg = Release|Win32
		{754DC091-2EB3-4149-A6F1-7A198F2B6E8C}.Release|Win32.Build.0 = Release|Win32
		{9EBFF612-8B97-462C-BE6E-6935C8FB0187}.Debug|Win32.ActiveCfg = Debug|Win32
		{9EBFF612-8B97-462C-BE6E-6935C8FB0187}.Debug|Win32.Build.0 = Debug|Win32
		{9EBFF612-8B97-462C-BE6E-6935C8FB0187}.Release|Win32.ActiveCfg = Release|Win32
		{9EBFF612-8B97-462C-BE6E-6935C8FB0187}.Release|Win32.Build.0 = Release|Win32
		{92DCDD2B-F0D2-405F-8B1A-B65FCC8A50F8}.Debug|Win32.ActiveCfg = Debug|Win32
		{92DCDD2B-F0D2-405F-8B1A-B65FCC8A50F8}.Debug|Win32.Build.0 = Debug|Win32
		{92DCDD2B-F0D2-405F-8B1A-B65FCC8A50F8}.Release|Win32.ActiveCfg = Release|Win32
		{92DCDD2B-F0D2-405F-8B1A-B65FCC8A50F8}.Release|Win32.Build.0 = Release|Win32
		{53D1153E-9C96-4240-8EB8-9A6FC20E2AD5}.Debug|Win32.ActiveCfg = Debug|Win32
		{53D1153E-9C96-4240-8EB8-9A6FC20E2AD5}.Debug|Win32.Build.0 = Debug|Win32
		{53D1153E-9C96-4240-8EB8-9A6FC20E2AD5}.Release|Win32.ActiveCfg = Release|Win32
		{53D1153E-9C96-4240-8EB8-9A6FC20E2AD5}.Release|Win32.Build.0 = Release|Win32
		{A9C78592-E5F0-404A-8E7E-8FBD757BE573}.Debug|Win32.ActiveCfg = Debug|Win32
		{A9C78592-E5F0-404A-8E7E-8FBD757BE573}.Debug|Win32.Build.0 = Debug|Win32
		{A9C78592-E5F0-404A-8E7E-8FBD757BE573}.Release|Win32.ActiveCfg = Release|Win32
		{A9C78592-E5F0-404A-8E7E-8FBD757BE573}.Release|Win32.Build.0 = Release|Win32
		{7F7F1767-2368-471C-8F2C-F4FE78547308}.Debug|Win32.ActiveCfg = Debug|Win32
		{7F7F1767-2368-471C-8F2C-F4FE78547308}.Debug|Win32.Build.0 = Debug|Win32
		{7F7F1767-2368-471C-8F2C-F4FE78547308}.Release|Win32.ActiveCfg = Release|Win32
		{7F7F1767-2368-471C-8F2C-F4FE78547308}.Release|Win32.Build.0 = Release|Win32
		{4C366A87-AF16-478A-919D-EA63548306EE}.Debug|Win32.ActiveCfg = Debug|Win32
		{4C366A87-AF16-478A-919D-EA63548306EE}.Debug|Win32.Build.0 = Debug|Win32
		{4C366A87-AF16-478A-919D-EA63548306EE}.Release|Win32.ActiveCfg = Release|Win32
		{4C366A87-AF16-478A-919D-EA63548306EE}.Release|Win32.Build.0 = Release|Win32
		{8CEB3ED9-49FB-4DB9-8626-757065BB787F}.Debug|Win32.ActiveCfg = Debug|Win32
		{8CEB3ED9-49FB-4DB9-8626-757065BB787F}.Debug|Win32.Build.0 = Debug|Win32
		{8CEB3ED9-49FB-4DB9-8626-757065BB787F}.Release|Win32.ActiveCfg = Release|Win32
		{8CEB3ED9-49FB-4DB9-8626-757065BB787F}.Release|Win32.Build.0 = Release|Win32
		{D933558F-9317-4E31-B612-E9E583BE130F}.Debug|Win32.ActiveCfg = Debug|Win32
		{D933558F-9317-4E31-B612-E9E583BE130F}.Debug|Win32.Build.0 = Debug|Win32
		{D933558F-9317-4E31-B612-E9E583BE130F}.Release|Win32.ActiveCfg = Release|Win32
		{D933558F-9317-4E31-B612-E9E583BE130F}.Release|Win32.Build.0 = Release|Win32
		{89276E2C-140B-44C6-887E-D70CE9EC5245}.Debug|Win32.ActiveCfg = Debug|Win32
		{89276E2C-140B-44C6-887E-D70CE9EC5245}.Debug|Win32.Build.0 = Debug|Win32
		{89276E2C-140B-44C6-887E-D70CE9EC5245}.Release|Win32.ActiveCfg = Release|Win32
		{89276E2C-140B-44C6-887E-D70CE9EC5245}.Release|Win32.Build.0 = Release|Win32
		{BADB3F72-8AD8-4C24-8947-A2FD334D090E}.Debug|Win32.ActiveCfg = Debug|Win32
		{BADB3F72-8AD8-4C24-8947-A2FD334D090E}.Debug|Win32.Build.0 = Debug|Win32
		{BADB3F72-8AD8-4C24-8947-A2FD334D090E}.Release|Win32.ActiveCfg = Release|Win32
		{BADB3F72-8AD8-4C24-8947-A2FD334D090E}.Release|Win32.Build.0 = Release|Win32
		{1EB52773-DF18-43D6-BA7B-AE3B24F8876B}.Debug|Win32.ActiveCfg = Debug|Win32
		{1EB52773-DF18-43D6-BA7B-AE3B24F8876B}.Debug|Win32.Build.0 = Debug|Win32
		{1EB52773-DF18-43D6-BA7B-AE3B24F8876B}.Release|Win32.ActiveCfg = Release|Win32
		{1EB52773-DF18-43D6-BA7B-AE3B24F8876B}.Release|Win32.Build.0 = Release|Win32
		{74CC0697-473B-44B4-9E72-1AEA39B48DDD}.Debug|Win32.ActiveCfg = Debug|Win32
		{74CC0697-473B-44B4-9E72-1AEA39B48DDD}.Debug|Win32.Build.0 = Debug|Win32
		{74CC0697-473B-44B4-9E72-1AEA39B48DDD}.Release|Win32.ActiveCfg = Release|Win32
		{74CC0697-473B-44B4-9E72-1AEA39B48DDD}.Release|Win32.Build.0 = Release|Win32
		{21C02168-8C99-4D2A-A3BA-33B228EE420D}.Debug|Win32.ActiveCfg = Debug|Win32
		{21C02168-8C99-4D2A-A3BA-33B228EE420D}.Debug|Win32.Build.0 = Debug|Win32
		{21C02168-8C99-4D2A-A3BA-33B228EE420D}.Release|Win32.ActiveCfg = Release|Win32
		{21C02168-8C99-4D2A-A3BA-33B228EE420D}.Release|Win32.Build.0 = Release|Win32
	EndGlobalSection
	GlobalSection(SolutionProperties) = preSolution
		HideSolutionNode = FALSE
	EndGlobalSection
EndGlobal
