<?xml version="1.0" encoding="utf-8"?>
<Project ToolsVersion="4.0" xmlns="http://schemas.microsoft.com/developer/msbuild/2003">
  <ItemGroup>
    <Filter Include="源文件">
      <UniqueIdentifier>{4FC737F1-C7A5-4376-A066-2A32D752A2FF}</UniqueIdentifier>
      <Extensions>cpp;c;cc;cxx;def;odl;idl;hpj;bat;asm;asmx</Extensions>
    </Filter>
    <Filter Include="头文件">
      <UniqueIdentifier>{93995380-89BD-4b04-88EB-625FBE52EBFB}</UniqueIdentifier>
      <Extensions>h;hpp;hxx;hm;inl;inc;xsd</Extensions>
    </Filter>
    <Filter Include="资源文件">
      <UniqueIdentifier>{67DA6AB6-F800-4c08-8B7A-83BB121AAD01}</UniqueIdentifier>
      <Extensions>rc;ico;cur;bmp;dlg;rc2;rct;bin;rgs;gif;jpg;jpeg;jpe;resx;tiff;tif;png;wav;mfcribbon-ms</Extensions>
    </Filter>
    <Filter Include="external">
      <UniqueIdentifier>{c8341f13-6fd9-4d41-aa1e-3de75cba8cb7}</UniqueIdentifier>
    </Filter>
  </ItemGroup>
  <ItemGroup>
    <None Include="ReadMe.txt" />
    <None Include="res\OFccmTest.rc2">
      <Filter>资源文件</Filter>
    </None>
    <None Include="res\OFccmTest.ico">
      <Filter>资源文件</Filter>
    </None>
    <None Include="res\SystemShow.bmp">
      <Filter>资源文件</Filter>
    </None>
    <None Include="res\play.png">
      <Filter>资源文件</Filter>
    </None>
    <None Include="res\pause.png">
      <Filter>资源文件</Filter>
    </None>
    <None Include="res\stop.png">
      <Filter>资源文件</Filter>
    </None>
    <None Include="res\continue.png">
      <Filter>资源文件</Filter>
    </None>
    <None Include="res\20130818045648591_easyicon_net_24.png">
      <Filter>资源文件</Filter>
    </None>
    <None Include="res\20130818044547697_easyicon_net_24.png">
      <Filter>资源文件</Filter>
    </None>
    <None Include="res\Gray.png">
      <Filter>资源文件</Filter>
    </None>
    <None Include="res\20130818044559626_easyicon_net_24.png">
      <Filter>资源文件</Filter>
    </None>
    <None Include="res\20130818045619669_easyicon_net_24.png">
      <Filter>资源文件</Filter>
    </None>
    <None Include="res\off32.bmp">
      <Filter>资源文件</Filter>
    </None>
  </ItemGroup>
  <ItemGroup>
    <ClInclude Include="OFccmTest.h">
      <Filter>头文件</Filter>
    </ClInclude>
    <ClInclude Include="OFccmTestDlg.h">
      <Filter>头文件</Filter>
    </ClInclude>
    <ClInclude Include="stdafx.h">
      <Filter>头文件</Filter>
    </ClInclude>
    <ClInclude Include="targetver.h">
      <Filter>头文件</Filter>
    </ClInclude>
    <ClInclude Include="Resource.h">
      <Filter>头文件</Filter>
    </ClInclude>
    <ClInclude Include="OFccmControl.h">
      <Filter>头文件</Filter>
    </ClInclude>
    <ClInclude Include="LoggerManage.h">
      <Filter>头文件</Filter>
    </ClInclude>
    <ClInclude Include="MyRichEdit.h">
      <Filter>头文件</Filter>
    </ClInclude>
    <ClInclude Include="ConfigManage.h">
      <Filter>头文件</Filter>
    </ClInclude>
    <ClInclude Include="CameraControl.h">
      <Filter>头文件</Filter>
    </ClInclude>
    <ClInclude Include="MyPropertySheet.h">
      <Filter>头文件</Filter>
    </ClInclude>
    <ClInclude Include="MyCameraSettingPage.h">
      <Filter>头文件</Filter>
    </ClInclude>
    <ClInclude Include="MyPropertyGridCtrl.h">
      <Filter>头文件</Filter>
    </ClInclude>
    <ClInclude Include="MyTestPanel.h">
      <Filter>头文件</Filter>
    </ClInclude>
    <ClInclude Include="MyTestButton.h">
      <Filter>头文件</Filter>
    </ClInclude>
    <ClInclude Include="TestItemControl.h">
      <Filter>头文件</Filter>
    </ClInclude>
    <ClInclude Include="MyTestItem.h">
      <Filter>头文件</Filter>
    </ClInclude>
    <ClInclude Include="TestItemManage.h">
      <Filter>头文件</Filter>
    </ClInclude>
    <ClInclude Include="MySrcListCtrl.h">
      <Filter>头文件</Filter>
    </ClInclude>
    <ClInclude Include="MyDestListCtrl.h">
      <Filter>头文件</Filter>
    </ClInclude>
    <ClInclude Include="MyTestItemOptionDlg.h">
      <Filter>头文件</Filter>
    </ClInclude>
    <ClInclude Include="MyTabSheet.h">
      <Filter>头文件</Filter>
    </ClInclude>
    <ClInclude Include="MyOSListCtrl.h">
      <Filter>头文件</Filter>
    </ClInclude>
    <ClInclude Include="MyMaskedEdit.h">
      <Filter>头文件</Filter>
    </ClInclude>
    <ClInclude Include="MyCurrentListCtrl.h">
      <Filter>头文件</Filter>
    </ClInclude>
    <ClInclude Include="MyCurrentSetting.h">
      <Filter>头文件</Filter>
    </ClInclude>
    <ClInclude Include="GeneralSettingPage.h">
      <Filter>头文件</Filter>
    </ClInclude>
    <ClInclude Include="ImageExplorer.h">
      <Filter>头文件</Filter>
    </ClInclude>
    <ClInclude Include="ClientMFCSocket.h">
      <Filter>头文件</Filter>
    </ClInclude>
    <ClInclude Include="MyIICdebug.h">
      <Filter>头文件</Filter>
    </ClInclude>
    <ClInclude Include="LoginDlg.h">
      <Filter>头文件</Filter>
    </ClInclude>
    <ClInclude Include="MyPictureCtrl.h">
      <Filter>头文件</Filter>
    </ClInclude>
    <ClInclude Include="CamCodeDlg.h">
      <Filter>头文件</Filter>
    </ClInclude>
    <ClInclude Include="GlobalSetting.h">
      <Filter>头文件</Filter>
    </ClInclude>
    <ClInclude Include="BaseSetDlg.h">
      <Filter>头文件</Filter>
    </ClInclude>
    <ClInclude Include="ServerMFCSocket.h">
      <Filter>头文件</Filter>
    </ClInclude>
    <ClInclude Include="MachineControl.h">
      <Filter>头文件</Filter>
    </ClInclude>
    <ClInclude Include="MachineDlg.h">
      <Filter>头文件</Filter>
    </ClInclude>
    <ClInclude Include="MyTestTree.h">
      <Filter>头文件</Filter>
    </ClInclude>
    <ClInclude Include="ConfigFileRw.h">
      <Filter>头文件</Filter>
    </ClInclude>
    <ClInclude Include="CreateExTestItem.h">
      <Filter>头文件</Filter>
    </ClInclude>
    <ClInclude Include="RawOptionDlg.h">
      <Filter>头文件</Filter>
    </ClInclude>
    <ClInclude Include="..\..\..\Include\ccmBaseInterface.h">
      <Filter>头文件</Filter>
    </ClInclude>
    <ClInclude Include="MyErrorCode.h">
      <Filter>头文件</Filter>
    </ClInclude>
    <ClInclude Include="external\msjexhnd.h">
      <Filter>external</Filter>
    </ClInclude>
  </ItemGroup>
  <ItemGroup>
    <ClCompile Include="OFccmTest.cpp">
      <Filter>源文件</Filter>
    </ClCompile>
    <ClCompile Include="OFccmTestDlg.cpp">
      <Filter>源文件</Filter>
    </ClCompile>
    <ClCompile Include="stdafx.cpp">
      <Filter>源文件</Filter>
    </ClCompile>
    <ClCompile Include="OFccmControl.cpp">
      <Filter>源文件</Filter>
    </ClCompile>
    <ClCompile Include="LoggerManage.cpp">
      <Filter>源文件</Filter>
    </ClCompile>
    <ClCompile Include="MyRichEdit.cpp">
      <Filter>源文件</Filter>
    </ClCompile>
    <ClCompile Include="ConfigManage.cpp">
      <Filter>源文件</Filter>
    </ClCompile>
    <ClCompile Include="CameraControl.cpp">
      <Filter>源文件</Filter>
    </ClCompile>
    <ClCompile Include="MyPropertySheet.cpp">
      <Filter>源文件</Filter>
    </ClCompile>
    <ClCompile Include="MyCameraSettingPage.cpp">
      <Filter>源文件</Filter>
    </ClCompile>
    <ClCompile Include="MyPropertyGridCtrl.cpp">
      <Filter>源文件</Filter>
    </ClCompile>
    <ClCompile Include="MyTestPanel.cpp">
      <Filter>源文件</Filter>
    </ClCompile>
    <ClCompile Include="MyTestButton.cpp">
      <Filter>源文件</Filter>
    </ClCompile>
    <ClCompile Include="TestItemControl.cpp">
      <Filter>源文件</Filter>
    </ClCompile>
    <ClCompile Include="MyTestItem.cpp">
      <Filter>源文件</Filter>
    </ClCompile>
    <ClCompile Include="TestItemManage.cpp">
      <Filter>源文件</Filter>
    </ClCompile>
    <ClCompile Include="MySrcListCtrl.cpp">
      <Filter>源文件</Filter>
    </ClCompile>
    <ClCompile Include="MyDestListCtrl.cpp">
      <Filter>源文件</Filter>
    </ClCompile>
    <ClCompile Include="MyTestItemOptionDlg.cpp">
      <Filter>源文件</Filter>
    </ClCompile>
    <ClCompile Include="MyTabSheet.cpp">
      <Filter>源文件</Filter>
    </ClCompile>
    <ClCompile Include="MyOSListCtrl.cpp">
      <Filter>源文件</Filter>
    </ClCompile>
    <ClCompile Include="MyMaskedEdit.cpp">
      <Filter>源文件</Filter>
    </ClCompile>
    <ClCompile Include="MyCurrentListCtrl.cpp">
      <Filter>源文件</Filter>
    </ClCompile>
    <ClCompile Include="MyCurrentSetting.cpp">
      <Filter>源文件</Filter>
    </ClCompile>
    <ClCompile Include="GeneralSettingPage.cpp">
      <Filter>源文件</Filter>
    </ClCompile>
    <ClCompile Include="ImageExplorer.cpp">
      <Filter>源文件</Filter>
    </ClCompile>
    <ClCompile Include="ClientMFCSocket.cpp">
      <Filter>源文件</Filter>
    </ClCompile>
    <ClCompile Include="MyIICdebug.cpp">
      <Filter>源文件</Filter>
    </ClCompile>
    <ClCompile Include="LoginDlg.cpp">
      <Filter>源文件</Filter>
    </ClCompile>
    <ClCompile Include="MyPictureCtrl.cpp">
      <Filter>源文件</Filter>
    </ClCompile>
    <ClCompile Include="CamCodeDlg.cpp">
      <Filter>源文件</Filter>
    </ClCompile>
    <ClCompile Include="GlobalSetting.cpp">
      <Filter>源文件</Filter>
    </ClCompile>
    <ClCompile Include="BaseSetDlg.cpp">
      <Filter>源文件</Filter>
    </ClCompile>
    <ClCompile Include="ServerMFCSocket.cpp">
      <Filter>源文件</Filter>
    </ClCompile>
    <ClCompile Include="MachineControl.cpp">
      <Filter>源文件</Filter>
    </ClCompile>
    <ClCompile Include="MachineDlg.cpp">
      <Filter>源文件</Filter>
    </ClCompile>
    <ClCompile Include="MyTestTree.cpp">
      <Filter>源文件</Filter>
    </ClCompile>
    <ClCompile Include="ConfigFileRw.cpp">
      <Filter>源文件</Filter>
    </ClCompile>
    <ClCompile Include="CreateExTestItem.cpp">
      <Filter>源文件</Filter>
    </ClCompile>
    <ClCompile Include="RawOptionDlg.cpp">
      <Filter>源文件</Filter>
    </ClCompile>
    <ClCompile Include="MyErrorCode.cpp">
      <Filter>源文件</Filter>
    </ClCompile>
    <ClCompile Include="external\msjexhnd.cpp">
      <Filter>external</Filter>
    </ClCompile>
  </ItemGroup>
  <ItemGroup>
    <ResourceCompile Include="OFccmTest.rc">
      <Filter>资源文件</Filter>
    </ResourceCompile>
  </ItemGroup>
</Project>