
Microsoft Visual Studio Solution File, Format Version 11.00
# Visual Studio 2010
Project("{8BC9CEB8-8B4A-11D0-8D11-00A0C91BC942}") = "SensorLSCApply", "SensorLSCApply\SensorLSCApply.vcxproj", "{CD7ECA5D-618F-48DB-B23A-A71D75DA9CF6}"
EndProject
Project("{8BC9CEB8-8B4A-11D0-8D11-00A0C91BC942}") = "OFccmTest", "..\..\Main\OFccmTest\OFccmTest\OFccmTest.vcxproj", "{74CC0697-473B-44B4-9E72-1AEA39B48DDD}"
EndProject
Project("{8BC9CEB8-8B4A-11D0-8D11-00A0C91BC942}") = "ImgSensorLib", "..\..\Main\ImgSensorLib\ImgSensorLib\ImgSensorLib.vcxproj", "{42AE9DC6-A1DE-496A-9612-31EBF80693EF}"
EndProject
Project("{8BC9CEB8-8B4A-11D0-8D11-00A0C91BC942}") = "MesCheck", "..\MesCheck\MesCheck\MesCheck.vcxproj", "{21C0F369-FEB9-469B-9696-AB90FA8372B3}"
EndProject
Project("{8BC9CEB8-8B4A-11D0-8D11-00A0C91BC942}") = "GetDNPIndex", "..\GetDNPIndex\GetDNPIndex\GetDNPIndex.vcxproj", "{425A41CC-B239-4999-9A2A-65B9FEBD6E31}"
EndProject
Global
	GlobalSection(SolutionConfigurationPlatforms) = preSolution
		Debug|Win32 = Debug|Win32
		Release|Win32 = Release|Win32
	EndGlobalSection
	GlobalSection(ProjectConfigurationPlatforms) = postSolution
		{CD7ECA5D-618F-48DB-B23A-A71D75DA9CF6}.Debug|Win32.ActiveCfg = Debug|Win32
		{CD7ECA5D-618F-48DB-B23A-A71D75DA9CF6}.Debug|Win32.Build.0 = Debug|Win32
		{CD7ECA5D-618F-48DB-B23A-A71D75DA9CF6}.Release|Win32.ActiveCfg = Release|Win32
		{CD7ECA5D-618F-48DB-B23A-A71D75DA9CF6}.Release|Win32.Build.0 = Release|Win32
		{74CC0697-473B-44B4-9E72-1AEA39B48DDD}.Debug|Win32.ActiveCfg = Debug|Win32
		{74CC0697-473B-44B4-9E72-1AEA39B48DDD}.Debug|Win32.Build.0 = Debug|Win32
		{74CC0697-473B-44B4-9E72-1AEA39B48DDD}.Release|Win32.ActiveCfg = Release|Win32
		{74CC0697-473B-44B4-9E72-1AEA39B48DDD}.Release|Win32.Build.0 = Release|Win32
		{42AE9DC6-A1DE-496A-9612-31EBF80693EF}.Debug|Win32.ActiveCfg = Debug|Win32
		{42AE9DC6-A1DE-496A-9612-31EBF80693EF}.Debug|Win32.Build.0 = Debug|Win32
		{42AE9DC6-A1DE-496A-9612-31EBF80693EF}.Release|Win32.ActiveCfg = Release|Win32
		{42AE9DC6-A1DE-496A-9612-31EBF80693EF}.Release|Win32.Build.0 = Release|Win32
		{21C0F369-FEB9-469B-9696-AB90FA8372B3}.Debug|Win32.ActiveCfg = Debug|Win32
		{21C0F369-FEB9-469B-9696-AB90FA8372B3}.Debug|Win32.Build.0 = Debug|Win32
		{21C0F369-FEB9-469B-9696-AB90FA8372B3}.Release|Win32.ActiveCfg = Release|Win32
		{21C0F369-FEB9-469B-9696-AB90FA8372B3}.Release|Win32.Build.0 = Release|Win32
		{425A41CC-B239-4999-9A2A-65B9FEBD6E31}.Debug|Win32.ActiveCfg = Debug|Win32
		{425A41CC-B239-4999-9A2A-65B9FEBD6E31}.Debug|Win32.Build.0 = Debug|Win32
		{425A41CC-B239-4999-9A2A-65B9FEBD6E31}.Release|Win32.ActiveCfg = Release|Win32
		{425A41CC-B239-4999-9A2A-65B9FEBD6E31}.Release|Win32.Build.0 = Release|Win32
	EndGlobalSection
	GlobalSection(SolutionProperties) = preSolution
		HideSolutionNode = FALSE
	EndGlobalSection
EndGlobal
