
Microsoft Visual Studio Solution File, Format Version 11.00
# Visual Studio 2010
Project("{8BC9CEB8-8B4A-11D0-8D11-00A0C91BC942}") = "QualcommGainmap_L4", "QualcommGainmap_L4\QualcommGainmap_L4.vcxproj", "{888D943B-21B0-4804-8522-6A491EAE749A}"
EndProject
Project("{8BC9CEB8-8B4A-11D0-8D11-00A0C91BC942}") = "OFccmTest", "..\..\Main\OFccmTest\OFccmTest\OFccmTest.vcxproj", "{74CC0697-473B-44B4-9E72-1AEA39B48DDD}"
EndProject
Project("{8BC9CEB8-8B4A-11D0-8D11-00A0C91BC942}") = "ImageProc", "..\..\Main\ImageProc\ImageProc\ImageProc.vcxproj", "{22220CF3-1E45-4822-AE12-9D058F5537CF}"
EndProject
Project("{8BC9CEB8-8B4A-11D0-8D11-00A0C91BC942}") = "InitiaSensor", "..\InitiaSensor\InitiaSensor\InitiaSensor.vcxproj", "{03154F81-27D6-4BA2-8EEB-A3C830766D70}"
EndProject
Project("{8BC9CEB8-8B4A-11D0-8D11-00A0C91BC942}") = "DeviceInterface", "..\..\Main\DeviceInterface\DeviceInterface\DeviceInterface.vcxproj", "{E8C44D97-B415-41D4-8764-BC366985AD71}"
EndProject
Project("{8BC9CEB8-8B4A-11D0-8D11-00A0C91BC942}") = "LscApplication", "..\LscApplication\LscApplication\LscApplication.vcxproj", "{89276E2C-140B-44C6-887E-D70CE9EC5245}"
EndProject
Global
	GlobalSection(SolutionConfigurationPlatforms) = preSolution
		Debug|Win32 = Debug|Win32
		Release|Win32 = Release|Win32
	EndGlobalSection
	GlobalSection(ProjectConfigurationPlatforms) = postSolution
		{888D943B-21B0-4804-8522-6A491EAE749A}.Debug|Win32.ActiveCfg = Debug|Win32
		{888D943B-21B0-4804-8522-6A491EAE749A}.Debug|Win32.Build.0 = Debug|Win32
		{888D943B-21B0-4804-8522-6A491EAE749A}.Release|Win32.ActiveCfg = Release|Win32
		{888D943B-21B0-4804-8522-6A491EAE749A}.Release|Win32.Build.0 = Release|Win32
		{74CC0697-473B-44B4-9E72-1AEA39B48DDD}.Debug|Win32.ActiveCfg = Debug|Win32
		{74CC0697-473B-44B4-9E72-1AEA39B48DDD}.Debug|Win32.Build.0 = Debug|Win32
		{74CC0697-473B-44B4-9E72-1AEA39B48DDD}.Release|Win32.ActiveCfg = Release|Win32
		{74CC0697-473B-44B4-9E72-1AEA39B48DDD}.Release|Win32.Build.0 = Release|Win32
		{22220CF3-1E45-4822-AE12-9D058F5537CF}.Debug|Win32.ActiveCfg = Debug|Win32
		{22220CF3-1E45-4822-AE12-9D058F5537CF}.Debug|Win32.Build.0 = Debug|Win32
		{22220CF3-1E45-4822-AE12-9D058F5537CF}.Release|Win32.ActiveCfg = Release|Win32
		{22220CF3-1E45-4822-AE12-9D058F5537CF}.Release|Win32.Build.0 = Release|Win32
		{03154F81-27D6-4BA2-8EEB-A3C830766D70}.Debug|Win32.ActiveCfg = Debug|Win32
		{03154F81-27D6-4BA2-8EEB-A3C830766D70}.Debug|Win32.Build.0 = Debug|Win32
		{03154F81-27D6-4BA2-8EEB-A3C830766D70}.Release|Win32.ActiveCfg = Release|Win32
		{03154F81-27D6-4BA2-8EEB-A3C830766D70}.Release|Win32.Build.0 = Release|Win32
		{E8C44D97-B415-41D4-8764-BC366985AD71}.Debug|Win32.ActiveCfg = Debug|Win32
		{E8C44D97-B415-41D4-8764-BC366985AD71}.Debug|Win32.Build.0 = Debug|Win32
		{E8C44D97-B415-41D4-8764-BC366985AD71}.Release|Win32.ActiveCfg = Release|Win32
		{E8C44D97-B415-41D4-8764-BC366985AD71}.Release|Win32.Build.0 = Release|Win32
		{89276E2C-140B-44C6-887E-D70CE9EC5245}.Debug|Win32.ActiveCfg = Debug|Win32
		{89276E2C-140B-44C6-887E-D70CE9EC5245}.Debug|Win32.Build.0 = Debug|Win32
		{89276E2C-140B-44C6-887E-D70CE9EC5245}.Release|Win32.ActiveCfg = Release|Win32
		{89276E2C-140B-44C6-887E-D70CE9EC5245}.Release|Win32.Build.0 = Release|Win32
	EndGlobalSection
	GlobalSection(SolutionProperties) = preSolution
		HideSolutionNode = FALSE
	EndGlobalSection
EndGlobal
