
Microsoft Visual Studio Solution File, Format Version 11.00
# Visual Studio 2010
Project("{8BC9CEB8-8B4A-11D0-8D11-00A0C91BC942}") = "AF", "AF\AF.vcxproj", "{92DCDD2B-F0D2-405F-8B1A-B65FCC8A50F8}"
EndProject
Project("{8BC9CEB8-8B4A-11D0-8D11-00A0C91BC942}") = "ofSFR", "..\ofSFR\ofSFR\ofSFR\ofSFR.vcxproj", "{DAD38C93-6248-4699-8EBC-07DD12B68C86}"
EndProject
Global
	GlobalSection(SolutionConfigurationPlatforms) = preSolution
		Debug|Win32 = Debug|Win32
		Release|Win32 = Release|Win32
	EndGlobalSection
	GlobalSection(ProjectConfigurationPlatforms) = postSolution
		{92DCDD2B-F0D2-405F-8B1A-B65FCC8A50F8}.Debug|Win32.ActiveCfg = Debug|Win32
		{92DCDD2B-F0D2-405F-8B1A-B65FCC8A50F8}.Debug|Win32.Build.0 = Debug|Win32
		{92DCDD2B-F0D2-405F-8B1A-B65FCC8A50F8}.Release|Win32.ActiveCfg = Release|Win32
		{92DCDD2B-F0D2-405F-8B1A-B65FCC8A50F8}.Release|Win32.Build.0 = Release|Win32
		{DAD38C93-6248-4699-8EBC-07DD12B68C86}.Debug|Win32.ActiveCfg = Debug|Win32
		{DAD38C93-6248-4699-8EBC-07DD12B68C86}.Debug|Win32.Build.0 = Debug|Win32
		{DAD38C93-6248-4699-8EBC-07DD12B68C86}.Release|Win32.ActiveCfg = Release|Win32
		{DAD38C93-6248-4699-8EBC-07DD12B68C86}.Release|Win32.Build.0 = Release|Win32
	EndGlobalSection
	GlobalSection(SolutionProperties) = preSolution
		HideSolutionNode = FALSE
	EndGlobalSection
EndGlobal
