
Microsoft Visual Studio Solution File, Format Version 11.00
# Visual Studio 2010
Project("{8BC9CEB8-8B4A-11D0-8D11-00A0C91BC942}") = "SaveFile_FuseID", "SaveFile_FuseID\SaveFile_FuseID.vcxproj", "{11C99829-1C5B-40D3-9154-BACAB672CD74}"
EndProject
Global
	GlobalSection(SolutionConfigurationPlatforms) = preSolution
		Debug|Win32 = Debug|Win32
		Release|Win32 = Release|Win32
	EndGlobalSection
	GlobalSection(ProjectConfigurationPlatforms) = postSolution
		{11C99829-1C5B-40D3-9154-BACAB672CD74}.Debug|Win32.ActiveCfg = Debug|Win32
		{11C99829-1C5B-40D3-9154-BACAB672CD74}.Debug|Win32.Build.0 = Debug|Win32
		{11C99829-1C5B-40D3-9154-BACAB672CD74}.Release|Win32.ActiveCfg = Release|Win32
		{11C99829-1C5B-40D3-9154-BACAB672CD74}.Release|Win32.Build.0 = Release|Win32
	EndGlobalSection
	GlobalSection(SolutionProperties) = preSolution
		HideSolutionNode = FALSE
	EndGlobalSection
EndGlobal
