
Microsoft Visual Studio Solution File, Format Version 11.00
# Visual Studio 2010
Project("{8BC9CEB8-8B4A-11D0-8D11-00A0C91BC942}") = "AutoFocus", "AutoFocus\AutoFocus.vcxproj", "{1EB52773-DF18-43D6-BA7B-AE3B24F8876B}"
EndProject
Project("{8BC9CEB8-8B4A-11D0-8D11-00A0C91BC942}") = "FPN", "..\FPN\FPN\FPN.vcxproj", "{88FB9E6F-91BC-408D-AFF2-67D2CA4E2907}"
EndProject
Project("{8BC9CEB8-8B4A-11D0-8D11-00A0C91BC942}") = "MesUpdate", "..\MesUpdate\MesUpdate\MesUpdate.vcxproj", "{CD7ECA5D-618F-48DB-B23A-A71D75DA9CF6}"
EndProject
Project("{8BC9CEB8-8B4A-11D0-8D11-00A0C91BC942}") = "AF", "..\AF_Plus_Normal\AF\AF.vcxproj", "{92DCDD2B-F0D2-405F-8B1A-B65FCC8A50F8}"
EndProject
Global
	GlobalSection(SolutionConfigurationPlatforms) = preSolution
		Debug|Win32 = Debug|Win32
		Release|Win32 = Release|Win32
	EndGlobalSection
	GlobalSection(ProjectConfigurationPlatforms) = postSolution
		{1EB52773-DF18-43D6-BA7B-AE3B24F8876B}.Debug|Win32.ActiveCfg = Debug|Win32
		{1EB52773-DF18-43D6-BA7B-AE3B24F8876B}.Debug|Win32.Build.0 = Debug|Win32
		{1EB52773-DF18-43D6-BA7B-AE3B24F8876B}.Release|Win32.ActiveCfg = Release|Win32
		{1EB52773-DF18-43D6-BA7B-AE3B24F8876B}.Release|Win32.Build.0 = Release|Win32
		{88FB9E6F-91BC-408D-AFF2-67D2CA4E2907}.Debug|Win32.ActiveCfg = Debug|Win32
		{88FB9E6F-91BC-408D-AFF2-67D2CA4E2907}.Debug|Win32.Build.0 = Debug|Win32
		{88FB9E6F-91BC-408D-AFF2-67D2CA4E2907}.Release|Win32.ActiveCfg = Release|Win32
		{88FB9E6F-91BC-408D-AFF2-67D2CA4E2907}.Release|Win32.Build.0 = Release|Win32
		{CD7ECA5D-618F-48DB-B23A-A71D75DA9CF6}.Debug|Win32.ActiveCfg = Debug|Win32
		{CD7ECA5D-618F-48DB-B23A-A71D75DA9CF6}.Debug|Win32.Build.0 = Debug|Win32
		{CD7ECA5D-618F-48DB-B23A-A71D75DA9CF6}.Release|Win32.ActiveCfg = Release|Win32
		{CD7ECA5D-618F-48DB-B23A-A71D75DA9CF6}.Release|Win32.Build.0 = Release|Win32
		{92DCDD2B-F0D2-405F-8B1A-B65FCC8A50F8}.Debug|Win32.ActiveCfg = Debug|Win32
		{92DCDD2B-F0D2-405F-8B1A-B65FCC8A50F8}.Debug|Win32.Build.0 = Debug|Win32
		{92DCDD2B-F0D2-405F-8B1A-B65FCC8A50F8}.Release|Win32.ActiveCfg = Release|Win32
		{92DCDD2B-F0D2-405F-8B1A-B65FCC8A50F8}.Release|Win32.Build.0 = Release|Win32
	EndGlobalSection
	GlobalSection(SolutionProperties) = preSolution
		HideSolutionNode = FALSE
	EndGlobalSection
EndGlobal
