<?xml version="1.0" encoding="utf-8"?>
<Project ToolsVersion="4.0" xmlns="http://schemas.microsoft.com/developer/msbuild/2003">
  <ItemGroup>
    <Filter Include="源文件">
      <UniqueIdentifier>{4FC737F1-C7A5-4376-A066-2A32D752A2FF}</UniqueIdentifier>
      <Extensions>cpp;c;cc;cxx;def;odl;idl;hpj;bat;asm;asmx</Extensions>
    </Filter>
    <Filter Include="头文件">
      <UniqueIdentifier>{93995380-89BD-4b04-88EB-625FBE52EBFB}</UniqueIdentifier>
      <Extensions>h;hpp;hxx;hm;inl;inc;xsd</Extensions>
    </Filter>
    <Filter Include="资源文件">
      <UniqueIdentifier>{67DA6AB6-F800-4c08-8B7A-83BB121AAD01}</UniqueIdentifier>
      <Extensions>rc;ico;cur;bmp;dlg;rc2;rct;bin;rgs;gif;jpg;jpeg;jpe;resx;tiff;tif;png;wav;mfcribbon-ms</Extensions>
    </Filter>
  </ItemGroup>
  <ItemGroup>
    <None Include="ReadMe.txt" />
  </ItemGroup>
  <ItemGroup>
    <ClInclude Include="stdafx.h">
      <Filter>头文件</Filter>
    </ClInclude>
    <ClInclude Include="targetver.h">
      <Filter>头文件</Filter>
    </ClInclude>
    <ClInclude Include="Resource.h">
      <Filter>头文件</Filter>
    </ClInclude>
    <ClInclude Include="VcmDriverInterface.h">
      <Filter>头文件</Filter>
    </ClInclude>
    <ClInclude Include="Driver_S5k4ec.h">
      <Filter>头文件</Filter>
    </ClInclude>
    <ClInclude Include="Driver_DW9807.h">
      <Filter>头文件</Filter>
    </ClInclude>
    <ClInclude Include="Driver_DW9804.h">
      <Filter>头文件</Filter>
    </ClInclude>
    <ClInclude Include="Driver_HI541.h">
      <Filter>头文件</Filter>
    </ClInclude>
    <ClInclude Include="Driver_LC898212.h">
      <Filter>头文件</Filter>
    </ClInclude>
    <ClInclude Include="Driver_LC898212XD.h">
      <Filter>头文件</Filter>
    </ClInclude>
    <ClInclude Include="Driver_Max14650.h">
      <Filter>头文件</Filter>
    </ClInclude>
    <ClInclude Include="Driver_AK7371.h">
      <Filter>头文件</Filter>
    </ClInclude>
    <ClInclude Include="Driver_DW9714.h">
      <Filter>头文件</Filter>
    </ClInclude>
    <ClInclude Include="Driver_BU64295296297GWZ.h">
      <Filter>头文件</Filter>
    </ClInclude>
    <ClInclude Include="Driver_DW9800.h">
      <Filter>头文件</Filter>
    </ClInclude>
    <ClInclude Include="LC898217_E8_EA.h">
      <Filter>头文件</Filter>
    </ClInclude>
    <ClInclude Include="LC898217_E4_E6.h">
      <Filter>头文件</Filter>
    </ClInclude>
    <ClInclude Include="Driver_DW9767.h">
      <Filter>头文件</Filter>
    </ClInclude>
    <ClInclude Include="Driver_AXD898123XC.h">
      <Filter>头文件</Filter>
    </ClInclude>
    <ClInclude Include="DriverIC_DW9718.h">
      <Filter>头文件</Filter>
    </ClInclude>
    <ClInclude Include="Driver_LC898219.h">
      <Filter>头文件</Filter>
    </ClInclude>
    <ClInclude Include="Driver_AK7374.h">
      <Filter>头文件</Filter>
    </ClInclude>
    <ClInclude Include="Driver_DW9763.h">
      <Filter>头文件</Filter>
    </ClInclude>
    <ClInclude Include="Driver_DW9719.h">
      <Filter>头文件</Filter>
    </ClInclude>
    <ClInclude Include="Driver_WV511A.h">
      <Filter>头文件</Filter>
    </ClInclude>
    <ClInclude Include="Driver_BU64748GWZ.h">
      <Filter>头文件</Filter>
    </ClInclude>
    <ClInclude Include="Driver_LC898214XC_shicoh.h">
      <Filter>头文件</Filter>
    </ClInclude>
  </ItemGroup>
  <ItemGroup>
    <ClCompile Include="stdafx.cpp">
      <Filter>源文件</Filter>
    </ClCompile>
    <ClCompile Include="VcmDriverInterface.cpp">
      <Filter>源文件</Filter>
    </ClCompile>
    <ClCompile Include="Driver_S5k4ec.cpp">
      <Filter>源文件</Filter>
    </ClCompile>
    <ClCompile Include="Driver_DW9807.cpp">
      <Filter>源文件</Filter>
    </ClCompile>
    <ClCompile Include="Driver_DW9804.cpp">
      <Filter>源文件</Filter>
    </ClCompile>
    <ClCompile Include="Driver_HI541.cpp">
      <Filter>源文件</Filter>
    </ClCompile>
    <ClCompile Include="Driver_LC898212.cpp">
      <Filter>源文件</Filter>
    </ClCompile>
    <ClCompile Include="Driver_LC898212XD.cpp">
      <Filter>源文件</Filter>
    </ClCompile>
    <ClCompile Include="Driver_Max14650.cpp">
      <Filter>源文件</Filter>
    </ClCompile>
    <ClCompile Include="Driver_AK7371.cpp">
      <Filter>源文件</Filter>
    </ClCompile>
    <ClCompile Include="Driver_DW9714.cpp">
      <Filter>源文件</Filter>
    </ClCompile>
    <ClCompile Include="Driver_BU64295296297GWZ.cpp">
      <Filter>源文件</Filter>
    </ClCompile>
    <ClCompile Include="Driver_DW9800.cpp">
      <Filter>源文件</Filter>
    </ClCompile>
    <ClCompile Include="LC898217_E8_EA.cpp">
      <Filter>源文件</Filter>
    </ClCompile>
    <ClCompile Include="LC898217_E4_E6.cpp">
      <Filter>源文件</Filter>
    </ClCompile>
    <ClCompile Include="Driver_DW9767.cpp">
      <Filter>源文件</Filter>
    </ClCompile>
    <ClCompile Include="Driver_AXD898123XC.cpp">
      <Filter>源文件</Filter>
    </ClCompile>
    <ClCompile Include="DriverIC_DW9718.cpp">
      <Filter>源文件</Filter>
    </ClCompile>
    <ClCompile Include="Driver_LC898219.cpp">
      <Filter>源文件</Filter>
    </ClCompile>
    <ClCompile Include="Driver_AK7374.cpp">
      <Filter>源文件</Filter>
    </ClCompile>
    <ClCompile Include="Driver_DW9763.cpp">
      <Filter>源文件</Filter>
    </ClCompile>
    <ClCompile Include="Driver_DW9719.cpp">
      <Filter>源文件</Filter>
    </ClCompile>
    <ClCompile Include="Driver_WV511A.cpp">
      <Filter>源文件</Filter>
    </ClCompile>
    <ClCompile Include="Driver_BU64748GWZ.cpp">
      <Filter>源文件</Filter>
    </ClCompile>
    <ClCompile Include="Driver_LC898214XC_shicoh.cpp">
      <Filter>源文件</Filter>
    </ClCompile>
  </ItemGroup>
  <ItemGroup>
    <ResourceCompile Include="VcmDriverInterface.rc">
      <Filter>资源文件</Filter>
    </ResourceCompile>
  </ItemGroup>
</Project>