
Microsoft Visual Studio Solution File, Format Version 11.00
# Visual Studio 2010
Project("{8BC9CEB8-8B4A-11D0-8D11-00A0C91BC942}") = "MTKStep1", "MTKStep1\MTKStep1.vcxproj", "{9EBFF612-8B97-462C-BE6E-6935C8FB0187}"
EndProject
Project("{8BC9CEB8-8B4A-11D0-8D11-00A0C91BC942}") = "AF_MoveToPos", "..\AF_MoveToPos\AF_MoveToPos\AF_MoveToPos.vcxproj", "{21C02168-8C99-4D2A-A3BA-33B228EE420D}"
EndProject
Project("{8BC9CEB8-8B4A-11D0-8D11-00A0C91BC942}") = "LscApplication", "..\LscApplication\LscApplication\LscApplication.vcxproj", "{89276E2C-140B-44C6-887E-D70CE9EC5245}"
EndProject
Project("{8BC9CEB8-8B4A-11D0-8D11-00A0C91BC942}") = "Shading5", "..\Shading5\TccmShading\TccmShading.vcxproj", "{F0C35DBE-3325-4C0C-A4C5-D7B427A8FE0B}"
EndProject
Project("{8BC9CEB8-8B4A-11D0-8D11-00A0C91BC942}") = "Shading49", "..\Shading49\Shading49\Shading49.vcxproj", "{870E08E2-48E3-4269-AF9E-4200F92724D2}"
EndProject
Project("{8BC9CEB8-8B4A-11D0-8D11-00A0C91BC942}") = "Pre_Process", "..\Pre_Process\Pre_Process\Pre_Process.vcxproj", "{4C366A87-AF16-478A-919D-EA63548306EE}"
EndProject
Global
	GlobalSection(SolutionConfigurationPlatforms) = preSolution
		Debug|Win32 = Debug|Win32
		Release|Win32 = Release|Win32
	EndGlobalSection
	GlobalSection(ProjectConfigurationPlatforms) = postSolution
		{9EBFF612-8B97-462C-BE6E-6935C8FB0187}.Debug|Win32.ActiveCfg = Debug|Win32
		{9EBFF612-8B97-462C-BE6E-6935C8FB0187}.Debug|Win32.Build.0 = Debug|Win32
		{9EBFF612-8B97-462C-BE6E-6935C8FB0187}.Release|Win32.ActiveCfg = Release|Win32
		{9EBFF612-8B97-462C-BE6E-6935C8FB0187}.Release|Win32.Build.0 = Release|Win32
		{21C02168-8C99-4D2A-A3BA-33B228EE420D}.Debug|Win32.ActiveCfg = Debug|Win32
		{21C02168-8C99-4D2A-A3BA-33B228EE420D}.Debug|Win32.Build.0 = Debug|Win32
		{21C02168-8C99-4D2A-A3BA-33B228EE420D}.Release|Win32.ActiveCfg = Release|Win32
		{21C02168-8C99-4D2A-A3BA-33B228EE420D}.Release|Win32.Build.0 = Release|Win32
		{89276E2C-140B-44C6-887E-D70CE9EC5245}.Debug|Win32.ActiveCfg = Debug|Win32
		{89276E2C-140B-44C6-887E-D70CE9EC5245}.Debug|Win32.Build.0 = Debug|Win32
		{89276E2C-140B-44C6-887E-D70CE9EC5245}.Release|Win32.ActiveCfg = Release|Win32
		{89276E2C-140B-44C6-887E-D70CE9EC5245}.Release|Win32.Build.0 = Release|Win32
		{F0C35DBE-3325-4C0C-A4C5-D7B427A8FE0B}.Debug|Win32.ActiveCfg = Debug|Win32
		{F0C35DBE-3325-4C0C-A4C5-D7B427A8FE0B}.Debug|Win32.Build.0 = Debug|Win32
		{F0C35DBE-3325-4C0C-A4C5-D7B427A8FE0B}.Release|Win32.ActiveCfg = Release|Win32
		{F0C35DBE-3325-4C0C-A4C5-D7B427A8FE0B}.Release|Win32.Build.0 = Release|Win32
		{870E08E2-48E3-4269-AF9E-4200F92724D2}.Debug|Win32.ActiveCfg = Debug|Win32
		{870E08E2-48E3-4269-AF9E-4200F92724D2}.Debug|Win32.Build.0 = Debug|Win32
		{870E08E2-48E3-4269-AF9E-4200F92724D2}.Release|Win32.ActiveCfg = Release|Win32
		{870E08E2-48E3-4269-AF9E-4200F92724D2}.Release|Win32.Build.0 = Release|Win32
		{4C366A87-AF16-478A-919D-EA63548306EE}.Debug|Win32.ActiveCfg = Debug|Win32
		{4C366A87-AF16-478A-919D-EA63548306EE}.Debug|Win32.Build.0 = Debug|Win32
		{4C366A87-AF16-478A-919D-EA63548306EE}.Release|Win32.ActiveCfg = Release|Win32
		{4C366A87-AF16-478A-919D-EA63548306EE}.Release|Win32.Build.0 = Release|Win32
	EndGlobalSection
	GlobalSection(SolutionProperties) = preSolution
		HideSolutionNode = FALSE
	EndGlobalSection
EndGlobal
