
Microsoft Visual Studio Solution File, Format Version 11.00
# Visual Studio 2010
Project("{8BC9CEB8-8B4A-11D0-8D11-00A0C91BC942}") = "ImageProc", "ImageProc\ImageProc.vcxproj", "{22220CF3-1E45-4822-AE12-9D058F5537CF}"
EndProject
Project("{8BC9CEB8-8B4A-11D0-8D11-00A0C91BC942}") = "OFccmTest", "..\OFccmTest\OFccmTest\OFccmTest.vcxproj", "{74CC0697-473B-44B4-9E72-1AEA39B48DDD}"
EndProject
Project("{8BC9CEB8-8B4A-11D0-8D11-00A0C91BC942}") = "SaveImg", "..\..\MyProject\SaveImg\SaveImg\SaveImg.vcxproj", "{FC112459-9762-41B1-A548-28C02D37C2F9}"
EndProject
Project("{8BC9CEB8-8B4A-11D0-8D11-00A0C91BC942}") = "FPN", "..\..\MyProject\FPN\FPN\FPN.vcxproj", "{88FB9E6F-91BC-408D-AFF2-67D2CA4E2907}"
EndProject
Project("{8BC9CEB8-8B4A-11D0-8D11-00A0C91BC942}") = "DParticle", "..\..\MyProject\DParticle\DParticle\DParticle.vcxproj", "{54E6500A-A1AE-4BBA-8555-FCC6977324C6}"
EndProject
Global
	GlobalSection(SolutionConfigurationPlatforms) = preSolution
		Debug|Win32 = Debug|Win32
		Release|Win32 = Release|Win32
	EndGlobalSection
	GlobalSection(ProjectConfigurationPlatforms) = postSolution
		{22220CF3-1E45-4822-AE12-9D058F5537CF}.Debug|Win32.ActiveCfg = Debug|Win32
		{22220CF3-1E45-4822-AE12-9D058F5537CF}.Debug|Win32.Build.0 = Debug|Win32
		{22220CF3-1E45-4822-AE12-9D058F5537CF}.Release|Win32.ActiveCfg = Release|Win32
		{22220CF3-1E45-4822-AE12-9D058F5537CF}.Release|Win32.Build.0 = Release|Win32
		{74CC0697-473B-44B4-9E72-1AEA39B48DDD}.Debug|Win32.ActiveCfg = Debug|Win32
		{74CC0697-473B-44B4-9E72-1AEA39B48DDD}.Debug|Win32.Build.0 = Debug|Win32
		{74CC0697-473B-44B4-9E72-1AEA39B48DDD}.Release|Win32.ActiveCfg = Release|Win32
		{74CC0697-473B-44B4-9E72-1AEA39B48DDD}.Release|Win32.Build.0 = Release|Win32
		{FC112459-9762-41B1-A548-28C02D37C2F9}.Debug|Win32.ActiveCfg = Debug|Win32
		{FC112459-9762-41B1-A548-28C02D37C2F9}.Debug|Win32.Build.0 = Debug|Win32
		{FC112459-9762-41B1-A548-28C02D37C2F9}.Release|Win32.ActiveCfg = Release|Win32
		{FC112459-9762-41B1-A548-28C02D37C2F9}.Release|Win32.Build.0 = Release|Win32
		{88FB9E6F-91BC-408D-AFF2-67D2CA4E2907}.Debug|Win32.ActiveCfg = Debug|Win32
		{88FB9E6F-91BC-408D-AFF2-67D2CA4E2907}.Debug|Win32.Build.0 = Debug|Win32
		{88FB9E6F-91BC-408D-AFF2-67D2CA4E2907}.Release|Win32.ActiveCfg = Release|Win32
		{88FB9E6F-91BC-408D-AFF2-67D2CA4E2907}.Release|Win32.Build.0 = Release|Win32
		{54E6500A-A1AE-4BBA-8555-FCC6977324C6}.Debug|Win32.ActiveCfg = Debug|Win32
		{54E6500A-A1AE-4BBA-8555-FCC6977324C6}.Debug|Win32.Build.0 = Debug|Win32
		{54E6500A-A1AE-4BBA-8555-FCC6977324C6}.Release|Win32.ActiveCfg = Release|Win32
		{54E6500A-A1AE-4BBA-8555-FCC6977324C6}.Release|Win32.Build.0 = Release|Win32
	EndGlobalSection
	GlobalSection(SolutionProperties) = preSolution
		HideSolutionNode = FALSE
	EndGlobalSection
EndGlobal
