
Microsoft Visual Studio Solution File, Format Version 11.00
# Visual Studio 2010
Project("{8BC9CEB8-8B4A-11D0-8D11-00A0C91BC942}") = "WBCheck", "WBCheck\WBCheck.vcxproj", "{A9C78592-E5F0-404A-8E7E-8FBD757BE573}"
EndProject
Project("{8BC9CEB8-8B4A-11D0-8D11-00A0C91BC942}") = "GetDNPIndex", "..\GetDNPIndex\GetDNPIndex\GetDNPIndex.vcxproj", "{C21550DC-8020-4338-8FDF-029CB5516D68}"
EndProject
Project("{8BC9CEB8-8B4A-11D0-8D11-00A0C91BC942}") = "OFccmTest", "..\..\Main\OFccmTest\OFccmTest\OFccmTest.vcxproj", "{74CC0697-473B-44B4-9E72-1AEA39B48DDD}"
EndProject
Project("{8BC9CEB8-8B4A-11D0-8D11-00A0C91BC942}") = "AE", "..\AE\AE\AE.vcxproj", "{7F7F1767-2368-471C-8F2C-F4FE78547308}"
EndProject
Global
	GlobalSection(SolutionConfigurationPlatforms) = preSolution
		Debug|Win32 = Debug|Win32
		Release|Win32 = Release|Win32
	EndGlobalSection
	GlobalSection(ProjectConfigurationPlatforms) = postSolution
		{A9C78592-E5F0-404A-8E7E-8FBD757BE573}.Debug|Win32.ActiveCfg = Debug|Win32
		{A9C78592-E5F0-404A-8E7E-8FBD757BE573}.Debug|Win32.Build.0 = Debug|Win32
		{A9C78592-E5F0-404A-8E7E-8FBD757BE573}.Release|Win32.ActiveCfg = Release|Win32
		{A9C78592-E5F0-404A-8E7E-8FBD757BE573}.Release|Win32.Build.0 = Release|Win32
		{C21550DC-8020-4338-8FDF-029CB5516D68}.Debug|Win32.ActiveCfg = Debug|Win32
		{C21550DC-8020-4338-8FDF-029CB5516D68}.Debug|Win32.Build.0 = Debug|Win32
		{C21550DC-8020-4338-8FDF-029CB5516D68}.Release|Win32.ActiveCfg = Release|Win32
		{C21550DC-8020-4338-8FDF-029CB5516D68}.Release|Win32.Build.0 = Release|Win32
		{74CC0697-473B-44B4-9E72-1AEA39B48DDD}.Debug|Win32.ActiveCfg = Debug|Win32
		{74CC0697-473B-44B4-9E72-1AEA39B48DDD}.Debug|Win32.Build.0 = Debug|Win32
		{74CC0697-473B-44B4-9E72-1AEA39B48DDD}.Release|Win32.ActiveCfg = Release|Win32
		{74CC0697-473B-44B4-9E72-1AEA39B48DDD}.Release|Win32.Build.0 = Release|Win32
		{7F7F1767-2368-471C-8F2C-F4FE78547308}.Debug|Win32.ActiveCfg = Debug|Win32
		{7F7F1767-2368-471C-8F2C-F4FE78547308}.Debug|Win32.Build.0 = Debug|Win32
		{7F7F1767-2368-471C-8F2C-F4FE78547308}.Release|Win32.ActiveCfg = Release|Win32
		{7F7F1767-2368-471C-8F2C-F4FE78547308}.Release|Win32.Build.0 = Release|Win32
	EndGlobalSection
	GlobalSection(SolutionProperties) = preSolution
		HideSolutionNode = FALSE
	EndGlobalSection
EndGlobal
